
Microsoft Visual Studio Solution File, Format Version 12.00
# Visual Studio 15
VisualStudioVersion = 15.0.28307.489
MinimumVisualStudioVersion = 10.0.40219.1
Project("{00D1A9C2-B5F0-4AF3-8072-F6C62B433612}") = "Database1", "Database1\Database1.sqlproj", "{F8015254-D21C-467A-A0BA-2B612F907A00}"
EndProject
Global
	GlobalSection(SolutionConfigurationPlatforms) = preSolution
		Debug|Any CPU = Debug|Any CPU
		Release|Any CPU = Release|Any CPU
	EndGlobalSection
	GlobalSection(ProjectConfigurationPlatforms) = postSolution
		{F8015254-D21C-467A-A0BA-2B612F907A00}.Debug|Any CPU.ActiveCfg = Debug|Any CPU
		{F8015254-D21C-467A-A0BA-2B612F907A00}.Debug|Any CPU.Build.0 = Debug|Any CPU
		{F8015254-D21C-467A-A0BA-2B612F907A00}.Debug|Any CPU.Deploy.0 = Debug|Any CPU
		{F8015254-D21C-467A-A0BA-2B612F907A00}.Release|Any CPU.ActiveCfg = Release|Any CPU
		{F8015254-D21C-467A-A0BA-2B612F907A00}.Release|Any CPU.Build.0 = Release|Any CPU
		{F8015254-D21C-467A-A0BA-2B612F907A00}.Release|Any CPU.Deploy.0 = Release|Any CPU
	EndGlobalSection
	GlobalSection(SolutionProperties) = preSolution
		HideSolutionNode = FALSE
	EndGlobalSection
	GlobalSection(ExtensibilityGlobals) = postSolution
		SolutionGuid = {97BDFA22-8FE4-4E85-8D69-FC02C3872EF0}
	EndGlobalSection
EndGlobal
